
Microsoft Visual Studio Solution File, Format Version 12.00
# Visual Studio Version 16
VisualStudioVersion = 25.0.1706.14
MinimumVisualStudioVersion = 10.0.40219.1
Project("{FAE04EC0-301F-11D3-BF4B-00C04F79EFBC}") = "BlazoreMatchGame", "BlazoreMatchGame\BlazoreMatchGame.csproj", "{2A0B64D9-9F42-4E18-9928-907B87AE812A}"
EndProject
Global
	GlobalSection(SolutionConfigurationPlatforms) = preSolution
		Debug|Any CPU = Debug|Any CPU
		Release|Any CPU = Release|Any CPU
	EndGlobalSection
	GlobalSection(ProjectConfigurationPlatforms) = postSolution
		{2A0B64D9-9F42-4E18-9928-907B87AE812A}.Debug|Any CPU.ActiveCfg = Debug|Any CPU
		{2A0B64D9-9F42-4E18-9928-907B87AE812A}.Debug|Any CPU.Build.0 = Debug|Any CPU
		{2A0B64D9-9F42-4E18-9928-907B87AE812A}.Release|Any CPU.ActiveCfg = Release|Any CPU
		{2A0B64D9-9F42-4E18-9928-907B87AE812A}.Release|Any CPU.Build.0 = Release|Any CPU
	EndGlobalSection
	GlobalSection(SolutionProperties) = preSolution
		HideSolutionNode = FALSE
	EndGlobalSection
	GlobalSection(ExtensibilityGlobals) = postSolution
		SolutionGuid = {9EEA983B-1B5F-435C-8D23-201944D50419}
	EndGlobalSection
EndGlobal
